
Microsoft Visual Studio Solution File, Format Version 12.00
# Visual Studio Version 16
VisualStudioVersion = 16.0.28803.156
MinimumVisualStudioVersion = 10.0.40219.1
Project("{FAE04EC0-301F-11D3-BF4B-00C04F79EFBC}") = "Sierotki", "Sierotki\Sierotki.csproj", "{AFD1497A-E85C-4695-9352-691A5EA1C789}"
EndProject
Global
	GlobalSection(SolutionConfigurationPlatforms) = preSolution
		Debug|Any CPU = Debug|Any CPU
		Release|Any CPU = Release|Any CPU
	EndGlobalSection
	GlobalSection(ProjectConfigurationPlatforms) = postSolution
		{AFD1497A-E85C-4695-9352-691A5EA1C789}.Debug|Any CPU.ActiveCfg = Debug|Any CPU
		{AFD1497A-E85C-4695-9352-691A5EA1C789}.Debug|Any CPU.Build.0 = Debug|Any CPU
		{AFD1497A-E85C-4695-9352-691A5EA1C789}.Release|Any CPU.ActiveCfg = Release|Any CPU
		{AFD1497A-E85C-4695-9352-691A5EA1C789}.Release|Any CPU.Build.0 = Release|Any CPU
	EndGlobalSection
	GlobalSection(SolutionProperties) = preSolution
		HideSolutionNode = FALSE
	EndGlobalSection
	GlobalSection(ExtensibilityGlobals) = postSolution
		SolutionGuid = {ACC92DDD-48D2-415B-AF7B-05CBCDDA4E32}
	EndGlobalSection
EndGlobal
